// !$*UTF8*$!
{
	archiveVersion = 1;
	classes = {
	};
	objectVersion = 77;
	objects = {

/* Begin PBXBuildFile section */
		08274A0DC6D8C6AA80C5D634 /* PersistenceController.swift in Sources */ = {isa = PBXBuildFile; fileRef = 4FF2FE4645CC7C64448BFD93 /* PersistenceController.swift */; };
		12587CB6DE4C5BCAE25C8B1F /* SpacedRepetitionScheduler.swift in Sources */ = {isa = PBXBuildFile; fileRef = EC824660258CCA77A95AD950 /* SpacedRepetitionScheduler.swift */; };
		13CE305688F1BAE294EBB9EF /* QuizGradingTests.swift in Sources */ = {isa = PBXBuildFile; fileRef = 15FEDC61DD9A162B88CBED80 /* QuizGradingTests.swift */; };
		58C9AFD2613264811D4ABAC5 /* FirebaseFunctions in Frameworks */ = {isa = PBXBuildFile; productRef = 68D6E6C1E421C4BD962CD181 /* FirebaseFunctions */; };
		609AC1F41B5BDECAD0AF8151 /* Assets.xcassets in Resources */ = {isa = PBXBuildFile; fileRef = 2F56D9EAC0E582853692FC5A /* Assets.xcassets */; };
		62D5E055B1EED2CFC59DD5E4 /* VideoPlaybackController.swift in Sources */ = {isa = PBXBuildFile; fileRef = 618C5E06B8D38FD5D2E9FB39 /* VideoPlaybackController.swift */; };
		6597CBE2A9082B818470B262 /* UserProfile.swift in Sources */ = {isa = PBXBuildFile; fileRef = 8B8D15986E8B0F9D24BC6648 /* UserProfile.swift */; };
		7C074B527686175D91E22CBB /* FirebaseBootstrap.swift in Sources */ = {isa = PBXBuildFile; fileRef = 3AB48787D120F7213D77C1D1 /* FirebaseBootstrap.swift */; };
		7C1ED440CFB6CC4457F540D2 /* ShuiApp.swift in Sources */ = {isa = PBXBuildFile; fileRef = DB05F7807FD83937B6A3ACF5 /* ShuiApp.swift */; };
		81AF916FE73D9FBDDCF8F9BA /* Strings.swift in Sources */ = {isa = PBXBuildFile; fileRef = 8600D28BDC77506D42DECD1E /* Strings.swift */; };
		83B05D2ED48E68D4721C7D59 /* FirebaseAnalytics in Frameworks */ = {isa = PBXBuildFile; productRef = CD28B16B33C6E95322D3E29E /* FirebaseAnalytics */; };
		8EECFD7684C4A05A92DD9213 /* QuizGrading.swift in Sources */ = {isa = PBXBuildFile; fileRef = A239E63AA8BF4CC95B673C0D /* QuizGrading.swift */; };
		A915BB8EF493C5F25A66A55F /* CommunityModels.swift in Sources */ = {isa = PBXBuildFile; fileRef = 5E2D8C45A055AE72DD94DA58 /* CommunityModels.swift */; };
		AB2053584F4387B836DB8FF8 /* FirebaseFirestore in Frameworks */ = {isa = PBXBuildFile; productRef = AC65B3043BCA4B47EE6BD78B /* FirebaseFirestore */; };
		B40FAACA9C219FEB25055F14 /* Theme.swift in Sources */ = {isa = PBXBuildFile; fileRef = 42C5F61CCAE0ACFF273AACD3 /* Theme.swift */; };
		B778C61D33AC3D6064A40078 /* FirebaseAuth in Frameworks */ = {isa = PBXBuildFile; productRef = 5AE14DFD28D9A80E38F0BE1B /* FirebaseAuth */; };
		C27C1A3B252F0F05D58DB1AD /* RootTabView.swift in Sources */ = {isa = PBXBuildFile; fileRef = 0CB2355EB94D120F36AF1150 /* RootTabView.swift */; };
		C71B053E49CBD3F0BCC2BD0A /* AppState.swift in Sources */ = {isa = PBXBuildFile; fileRef = 86DF62612B71DED4A8331DFE /* AppState.swift */; };
		D0F8374F9CFD943A3ED6209F /* VideoPlayerLayerView.swift in Sources */ = {isa = PBXBuildFile; fileRef = 901EC9055AD0485F760D13EB /* VideoPlayerLayerView.swift */; };
		E92D5F16355F96EB35F98460 /* SpacedRepetitionSchedulerTests.swift in Sources */ = {isa = PBXBuildFile; fileRef = 643779A3275AE5B0CE41201C /* SpacedRepetitionSchedulerTests.swift */; };
		FA22640C75BA9F42A5899028 /* GoogleService-Info.plist in Resources */ = {isa = PBXBuildFile; fileRef = DCBCAE87AE2879694151011A /* GoogleService-Info.plist */; };
/* End PBXBuildFile section */

/* Begin PBXContainerItemProxy section */
		08B4A0BF58AA00E168A54A94 /* PBXContainerItemProxy */ = {
			isa = PBXContainerItemProxy;
			containerPortal = 4C8113A6C0460E0C6FB1DA45 /* Project object */;
			proxyType = 1;
			remoteGlobalIDString = 25DFE00869AC2C301C46BAD2;
			remoteInfo = Shui;
		};
/* End PBXContainerItemProxy section */

/* Begin PBXFileReference section */
		0CB2355EB94D120F36AF1150 /* RootTabView.swift */ = {isa = PBXFileReference; lastKnownFileType = sourcecode.swift; path = RootTabView.swift; sourceTree = "<group>"; };
		15FEDC61DD9A162B88CBED80 /* QuizGradingTests.swift */ = {isa = PBXFileReference; lastKnownFileType = sourcecode.swift; path = QuizGradingTests.swift; sourceTree = "<group>"; };
		2F56D9EAC0E582853692FC5A /* Assets.xcassets */ = {isa = PBXFileReference; lastKnownFileType = folder.assetcatalog; path = Assets.xcassets; sourceTree = "<group>"; };
		34C6B753184DE5BD93D987CE /* ShuiTests.xctest */ = {isa = PBXFileReference; includeInIndex = 0; lastKnownFileType = wrapper.cfbundle; path = ShuiTests.xctest; sourceTree = BUILT_PRODUCTS_DIR; };
		3AB48787D120F7213D77C1D1 /* FirebaseBootstrap.swift */ = {isa = PBXFileReference; lastKnownFileType = sourcecode.swift; path = FirebaseBootstrap.swift; sourceTree = "<group>"; };
		42C5F61CCAE0ACFF273AACD3 /* Theme.swift */ = {isa = PBXFileReference; lastKnownFileType = sourcecode.swift; path = Theme.swift; sourceTree = "<group>"; };
		4FF2FE4645CC7C64448BFD93 /* PersistenceController.swift */ = {isa = PBXFileReference; lastKnownFileType = sourcecode.swift; path = PersistenceController.swift; sourceTree = "<group>"; };
		5E2D8C45A055AE72DD94DA58 /* CommunityModels.swift */ = {isa = PBXFileReference; lastKnownFileType = sourcecode.swift; path = CommunityModels.swift; sourceTree = "<group>"; };
		618C5E06B8D38FD5D2E9FB39 /* VideoPlaybackController.swift */ = {isa = PBXFileReference; lastKnownFileType = sourcecode.swift; path = VideoPlaybackController.swift; sourceTree = "<group>"; };
		643779A3275AE5B0CE41201C /* SpacedRepetitionSchedulerTests.swift */ = {isa = PBXFileReference; lastKnownFileType = sourcecode.swift; path = SpacedRepetitionSchedulerTests.swift; sourceTree = "<group>"; };
		8600D28BDC77506D42DECD1E /* Strings.swift */ = {isa = PBXFileReference; lastKnownFileType = sourcecode.swift; path = Strings.swift; sourceTree = "<group>"; };
		86DF62612B71DED4A8331DFE /* AppState.swift */ = {isa = PBXFileReference; lastKnownFileType = sourcecode.swift; path = AppState.swift; sourceTree = "<group>"; };
		8B8D15986E8B0F9D24BC6648 /* UserProfile.swift */ = {isa = PBXFileReference; lastKnownFileType = sourcecode.swift; path = UserProfile.swift; sourceTree = "<group>"; };
		901EC9055AD0485F760D13EB /* VideoPlayerLayerView.swift */ = {isa = PBXFileReference; lastKnownFileType = sourcecode.swift; path = VideoPlayerLayerView.swift; sourceTree = "<group>"; };
		A239E63AA8BF4CC95B673C0D /* QuizGrading.swift */ = {isa = PBXFileReference; lastKnownFileType = sourcecode.swift; path = QuizGrading.swift; sourceTree = "<group>"; };
		C02048FC52F23FF292B4948F /* Shui.app */ = {isa = PBXFileReference; includeInIndex = 0; lastKnownFileType = wrapper.application; path = Shui.app; sourceTree = BUILT_PRODUCTS_DIR; };
		DB05F7807FD83937B6A3ACF5 /* ShuiApp.swift */ = {isa = PBXFileReference; lastKnownFileType = sourcecode.swift; path = ShuiApp.swift; sourceTree = "<group>"; };
		DCBCAE87AE2879694151011A /* GoogleService-Info.plist */ = {isa = PBXFileReference; lastKnownFileType = text.plist; path = "GoogleService-Info.plist"; sourceTree = "<group>"; };
		EC824660258CCA77A95AD950 /* SpacedRepetitionScheduler.swift */ = {isa = PBXFileReference; lastKnownFileType = sourcecode.swift; path = SpacedRepetitionScheduler.swift; sourceTree = "<group>"; };
/* End PBXFileReference section */

/* Begin PBXFrameworksBuildPhase section */
		37E65A84F4E48546FF5BED97 /* Frameworks */ = {
			isa = PBXFrameworksBuildPhase;
			buildActionMask = 2147483647;
			files = (
				B778C61D33AC3D6064A40078 /* FirebaseAuth in Frameworks */,
				AB2053584F4387B836DB8FF8 /* FirebaseFirestore in Frameworks */,
				58C9AFD2613264811D4ABAC5 /* FirebaseFunctions in Frameworks */,
				83B05D2ED48E68D4721C7D59 /* FirebaseAnalytics in Frameworks */,
			);
			runOnlyForDeploymentPostprocessing = 0;
		};
/* End PBXFrameworksBuildPhase section */

/* Begin PBXGroup section */
		0E77559C0D7BD23C17BFB8B2 /* Playback */ = {
			isa = PBXGroup;
			children = (
				618C5E06B8D38FD5D2E9FB39 /* VideoPlaybackController.swift */,
				901EC9055AD0485F760D13EB /* VideoPlayerLayerView.swift */,
			);
			path = Playback;
			sourceTree = "<group>";
		};
		24FDF9F1E8775BE4DF39CAA9 /* Resources */ = {
			isa = PBXGroup;
			children = (
				2F56D9EAC0E582853692FC5A /* Assets.xcassets */,
			);
			path = Resources;
			sourceTree = "<group>";
		};
		5AD6104A99C174F4F4AF5021 = {
			isa = PBXGroup;
			children = (
				6CACFD827073738F65E35739 /* Shui */,
				D79A15073BE0CDA95B509154 /* ShuiTests */,
				BF8730FEB48733E89CB23BDF /* Products */,
			);
			sourceTree = "<group>";
		};
		606925B44439287ACAB3A9E7 /* Views */ = {
			isa = PBXGroup;
			children = (
				0CB2355EB94D120F36AF1150 /* RootTabView.swift */,
			);
			path = Views;
			sourceTree = "<group>";
		};
		676A4727D852820375ACFBBA /* App */ = {
			isa = PBXGroup;
			children = (
				86DF62612B71DED4A8331DFE /* AppState.swift */,
				DCBCAE87AE2879694151011A /* GoogleService-Info.plist */,
				DB05F7807FD83937B6A3ACF5 /* ShuiApp.swift */,
			);
			path = App;
			sourceTree = "<group>";
		};
		6CACFD827073738F65E35739 /* Shui */ = {
			isa = PBXGroup;
			children = (
				676A4727D852820375ACFBBA /* App */,
				24FDF9F1E8775BE4DF39CAA9 /* Resources */,
				7CA31F20B48964C2408E7C58 /* Sources */,
			);
			path = Shui;
			sourceTree = "<group>";
		};
		79C8E39C57E7D3D365012686 /* Support */ = {
			isa = PBXGroup;
			children = (
				3AB48787D120F7213D77C1D1 /* FirebaseBootstrap.swift */,
				8600D28BDC77506D42DECD1E /* Strings.swift */,
			);
			path = Support;
			sourceTree = "<group>";
		};
		7C3C109812208534DEFFAB15 /* Models */ = {
			isa = PBXGroup;
			children = (
				5E2D8C45A055AE72DD94DA58 /* CommunityModels.swift */,
				8B8D15986E8B0F9D24BC6648 /* UserProfile.swift */,
			);
			path = Models;
			sourceTree = "<group>";
		};
		7CA31F20B48964C2408E7C58 /* Sources */ = {
			isa = PBXGroup;
			children = (
				B33D4A86162F39A52813FED1 /* Learning */,
				7C3C109812208534DEFFAB15 /* Models */,
				99E92D5434FB94424BC50496 /* Persistence */,
				0E77559C0D7BD23C17BFB8B2 /* Playback */,
				79C8E39C57E7D3D365012686 /* Support */,
				AD4B812F6C1142C0B4C57A51 /* Theme */,
				606925B44439287ACAB3A9E7 /* Views */,
			);
			path = Sources;
			sourceTree = "<group>";
		};
		99E92D5434FB94424BC50496 /* Persistence */ = {
			isa = PBXGroup;
			children = (
				4FF2FE4645CC7C64448BFD93 /* PersistenceController.swift */,
			);
			path = Persistence;
			sourceTree = "<group>";
		};
		AD4B812F6C1142C0B4C57A51 /* Theme */ = {
			isa = PBXGroup;
			children = (
				42C5F61CCAE0ACFF273AACD3 /* Theme.swift */,
			);
			path = Theme;
			sourceTree = "<group>";
		};
		B33D4A86162F39A52813FED1 /* Learning */ = {
			isa = PBXGroup;
			children = (
				A239E63AA8BF4CC95B673C0D /* QuizGrading.swift */,
				EC824660258CCA77A95AD950 /* SpacedRepetitionScheduler.swift */,
			);
			path = Learning;
			sourceTree = "<group>";
		};
		BF8730FEB48733E89CB23BDF /* Products */ = {
			isa = PBXGroup;
			children = (
				C02048FC52F23FF292B4948F /* Shui.app */,
				34C6B753184DE5BD93D987CE /* ShuiTests.xctest */,
			);
			name = Products;
			sourceTree = "<group>";
		};
		D79A15073BE0CDA95B509154 /* ShuiTests */ = {
			isa = PBXGroup;
			children = (
				15FEDC61DD9A162B88CBED80 /* QuizGradingTests.swift */,
				643779A3275AE5B0CE41201C /* SpacedRepetitionSchedulerTests.swift */,
			);
			path = ShuiTests;
			sourceTree = "<group>";
		};
/* End PBXGroup section */

/* Begin PBXNativeTarget section */
		25DFE00869AC2C301C46BAD2 /* Shui */ = {
			isa = PBXNativeTarget;
			buildConfigurationList = 83A8B80432FE80871AD74824 /* Build configuration list for PBXNativeTarget "Shui" */;
			buildPhases = (
				B9D4EBF74D2C9BDFF001E93B /* Sources */,
				13E8B0D17C1BC5272111E2B5 /* Resources */,
				37E65A84F4E48546FF5BED97 /* Frameworks */,
			);
			buildRules = (
			);
			dependencies = (
			);
			name = Shui;
			packageProductDependencies = (
				5AE14DFD28D9A80E38F0BE1B /* FirebaseAuth */,
				AC65B3043BCA4B47EE6BD78B /* FirebaseFirestore */,
				68D6E6C1E421C4BD962CD181 /* FirebaseFunctions */,
				CD28B16B33C6E95322D3E29E /* FirebaseAnalytics */,
			);
			productName = Shui;
			productReference = C02048FC52F23FF292B4948F /* Shui.app */;
			productType = "com.apple.product-type.application";
		};
		B8A4C27456FCAE7D6204AF8C /* ShuiTests */ = {
			isa = PBXNativeTarget;
			buildConfigurationList = 1E7DDEF72D016DCB96E73277 /* Build configuration list for PBXNativeTarget "ShuiTests" */;
			buildPhases = (
				4EC3348207789F46542917A1 /* Sources */,
			);
			buildRules = (
			);
			dependencies = (
				555423F50E707B7485EF9D6D /* PBXTargetDependency */,
			);
			name = ShuiTests;
			packageProductDependencies = (
			);
			productName = ShuiTests;
			productReference = 34C6B753184DE5BD93D987CE /* ShuiTests.xctest */;
			productType = "com.apple.product-type.bundle.unit-test";
		};
/* End PBXNativeTarget section */

/* Begin PBXProject section */
		4C8113A6C0460E0C6FB1DA45 /* Project object */ = {
			isa = PBXProject;
			attributes = {
				BuildIndependentTargetsInParallel = YES;
				LastUpgradeCheck = 1430;
				TargetAttributes = {
				};
			};
			buildConfigurationList = 33057930DC5783C4A6CE76F5 /* Build configuration list for PBXProject "Shui" */;
			developmentRegion = en;
			hasScannedForEncodings = 0;
			knownRegions = (
				Base,
				en,
			);
			mainGroup = 5AD6104A99C174F4F4AF5021;
			minimizedProjectReferenceProxies = 1;
			packageReferences = (
				72970CDE941CF5E835E0C090 /* XCRemoteSwiftPackageReference "firebase-ios-sdk" */,
			);
			preferredProjectObjectVersion = 77;
			productRefGroup = BF8730FEB48733E89CB23BDF /* Products */;
			projectDirPath = "";
			projectRoot = "";
			targets = (
				25DFE00869AC2C301C46BAD2 /* Shui */,
				B8A4C27456FCAE7D6204AF8C /* ShuiTests */,
			);
		};
/* End PBXProject section */

/* Begin PBXResourcesBuildPhase section */
		13E8B0D17C1BC5272111E2B5 /* Resources */ = {
			isa = PBXResourcesBuildPhase;
			buildActionMask = 2147483647;
			files = (
				609AC1F41B5BDECAD0AF8151 /* Assets.xcassets in Resources */,
				FA22640C75BA9F42A5899028 /* GoogleService-Info.plist in Resources */,
			);
			runOnlyForDeploymentPostprocessing = 0;
		};
/* End PBXResourcesBuildPhase section */

/* Begin PBXSourcesBuildPhase section */
		4EC3348207789F46542917A1 /* Sources */ = {
			isa = PBXSourcesBuildPhase;
			buildActionMask = 2147483647;
			files = (
				13CE305688F1BAE294EBB9EF /* QuizGradingTests.swift in Sources */,
				E92D5F16355F96EB35F98460 /* SpacedRepetitionSchedulerTests.swift in Sources */,
			);
			runOnlyForDeploymentPostprocessing = 0;
		};
		B9D4EBF74D2C9BDFF001E93B /* Sources */ = {
			isa = PBXSourcesBuildPhase;
			buildActionMask = 2147483647;
			files = (
				C71B053E49CBD3F0BCC2BD0A /* AppState.swift in Sources */,
				A915BB8EF493C5F25A66A55F /* CommunityModels.swift in Sources */,
				7C074B527686175D91E22CBB /* FirebaseBootstrap.swift in Sources */,
				08274A0DC6D8C6AA80C5D634 /* PersistenceController.swift in Sources */,
				8EECFD7684C4A05A92DD9213 /* QuizGrading.swift in Sources */,
				C27C1A3B252F0F05D58DB1AD /* RootTabView.swift in Sources */,
				7C1ED440CFB6CC4457F540D2 /* ShuiApp.swift in Sources */,
				12587CB6DE4C5BCAE25C8B1F /* SpacedRepetitionScheduler.swift in Sources */,
				81AF916FE73D9FBDDCF8F9BA /* Strings.swift in Sources */,
				B40FAACA9C219FEB25055F14 /* Theme.swift in Sources */,
				6597CBE2A9082B818470B262 /* UserProfile.swift in Sources */,
				62D5E055B1EED2CFC59DD5E4 /* VideoPlaybackController.swift in Sources */,
				D0F8374F9CFD943A3ED6209F /* VideoPlayerLayerView.swift in Sources */,
			);
			runOnlyForDeploymentPostprocessing = 0;
		};
/* End PBXSourcesBuildPhase section */

/* Begin PBXTargetDependency section */
		555423F50E707B7485EF9D6D /* PBXTargetDependency */ = {
			isa = PBXTargetDependency;
			target = 25DFE00869AC2C301C46BAD2 /* Shui */;
			targetProxy = 08B4A0BF58AA00E168A54A94 /* PBXContainerItemProxy */;
		};
/* End PBXTargetDependency section */

/* Begin XCBuildConfiguration section */
		20CA135469339C7B0668F7E9 /* Release */ = {
			isa = XCBuildConfiguration;
			buildSettings = {
				BUNDLE_LOADER = "$(TEST_HOST)";
				GENERATE_INFOPLIST_FILE = YES;
				IPHONEOS_DEPLOYMENT_TARGET = 17.0;
				LD_RUNPATH_SEARCH_PATHS = (
					"$(inherited)",
					"@executable_path/Frameworks",
					"@loader_path/Frameworks",
				);
				PRODUCT_BUNDLE_IDENTIFIER = com.shui.tests;
				SDKROOT = iphoneos;
				SWIFT_VERSION = 5.0;
				TARGETED_DEVICE_FAMILY = "1,2";
				TEST_HOST = "$(BUILT_PRODUCTS_DIR)/Shui.app/Shui";
			};
			name = Release;
		};
		69D70ACA49C8564051B970C9 /* Release */ = {
			isa = XCBuildConfiguration;
			buildSettings = {
				ASSETCATALOG_COMPILER_APPICON_NAME = AppIcon;
				ASSETCATALOG_COMPILER_GLOBAL_ACCENT_COLOR_NAME = AccentColor;
				CODE_SIGN_IDENTITY = "iPhone Developer";
				CURRENT_PROJECT_VERSION = 1;
				ENABLE_PREVIEWS = YES;
				GENERATE_INFOPLIST_FILE = NO;
				INFOPLIST_FILE = Shui/Info.plist;
				IPHONEOS_DEPLOYMENT_TARGET = 17.0;
				LD_RUNPATH_SEARCH_PATHS = (
					"$(inherited)",
					"@executable_path/Frameworks",
				);
				MARKETING_VERSION = 0.1.0;
				PRODUCT_BUNDLE_IDENTIFIER = com.shui.app;
				PRODUCT_NAME = Shui;
				SDKROOT = iphoneos;
				SWIFT_VERSION = 5.0;
				TARGETED_DEVICE_FAMILY = 1;
			};
			name = Release;
		};
		7ABB1FE0916C9E1F7B39A1E2 /* Debug */ = {
			isa = XCBuildConfiguration;
			buildSettings = {
				ASSETCATALOG_COMPILER_APPICON_NAME = AppIcon;
				ASSETCATALOG_COMPILER_GLOBAL_ACCENT_COLOR_NAME = AccentColor;
				CODE_SIGN_IDENTITY = "iPhone Developer";
				CURRENT_PROJECT_VERSION = 1;
				ENABLE_PREVIEWS = YES;
				GENERATE_INFOPLIST_FILE = NO;
				INFOPLIST_FILE = Shui/Info.plist;
				IPHONEOS_DEPLOYMENT_TARGET = 17.0;
				LD_RUNPATH_SEARCH_PATHS = (
					"$(inherited)",
					"@executable_path/Frameworks",
				);
				MARKETING_VERSION = 0.1.0;
				PRODUCT_BUNDLE_IDENTIFIER = com.shui.app;
				PRODUCT_NAME = Shui;
				SDKROOT = iphoneos;
				SWIFT_VERSION = 5.0;
				TARGETED_DEVICE_FAMILY = 1;
			};
			name = Debug;
		};
		A32B481AB844BBA76229C509 /* Release */ = {
			isa = XCBuildConfiguration;
			buildSettings = {
				ALWAYS_SEARCH_USER_PATHS = NO;
				CLANG_ANALYZER_NONNULL = YES;
				CLANG_ANALYZER_NUMBER_OBJECT_CONVERSION = YES_AGGRESSIVE;
				CLANG_CXX_LANGUAGE_STANDARD = "gnu++14";
				CLANG_CXX_LIBRARY = "libc++";
				CLANG_ENABLE_MODULES = YES;
				CLANG_ENABLE_OBJC_ARC = YES;
				CLANG_ENABLE_OBJC_WEAK = YES;
				CLANG_WARN_BLOCK_CAPTURE_AUTORELEASING = YES;
				CLANG_WARN_BOOL_CONVERSION = YES;
				CLANG_WARN_COMMA = YES;
				CLANG_WARN_CONSTANT_CONVERSION = YES;
				CLANG_WARN_DEPRECATED_OBJC_IMPLEMENTATIONS = YES;
				CLANG_WARN_DIRECT_OBJC_ISA_USAGE = YES_ERROR;
				CLANG_WARN_DOCUMENTATION_COMMENTS = YES;
				CLANG_WARN_EMPTY_BODY = YES;
				CLANG_WARN_ENUM_CONVERSION = YES;
				CLANG_WARN_INFINITE_RECURSION = YES;
				CLANG_WARN_INT_CONVERSION = YES;
				CLANG_WARN_NON_LITERAL_NULL_CONVERSION = YES;
				CLANG_WARN_OBJC_IMPLICIT_RETAIN_SELF = YES;
				CLANG_WARN_OBJC_LITERAL_CONVERSION = YES;
				CLANG_WARN_OBJC_ROOT_CLASS = YES_ERROR;
				CLANG_WARN_QUOTED_INCLUDE_IN_FRAMEWORK_HEADER = YES;
				CLANG_WARN_RANGE_LOOP_ANALYSIS = YES;
				CLANG_WARN_STRICT_PROTOTYPES = YES;
				CLANG_WARN_SUSPICIOUS_MOVE = YES;
				CLANG_WARN_UNGUARDED_AVAILABILITY = YES_AGGRESSIVE;
				CLANG_WARN_UNREACHABLE_CODE = YES;
				CLANG_WARN__DUPLICATE_METHOD_MATCH = YES;
				COPY_PHASE_STRIP = NO;
				DEBUG_INFORMATION_FORMAT = "dwarf-with-dsym";
				ENABLE_NS_ASSERTIONS = NO;
				ENABLE_STRICT_OBJC_MSGSEND = YES;
				GCC_C_LANGUAGE_STANDARD = gnu11;
				GCC_NO_COMMON_BLOCKS = YES;
				GCC_WARN_64_TO_32_BIT_CONVERSION = YES;
				GCC_WARN_ABOUT_RETURN_TYPE = YES_ERROR;
				GCC_WARN_UNDECLARED_SELECTOR = YES;
				GCC_WARN_UNINITIALIZED_AUTOS = YES_AGGRESSIVE;
				GCC_WARN_UNUSED_FUNCTION = YES;
				GCC_WARN_UNUSED_VARIABLE = YES;
				IPHONEOS_DEPLOYMENT_TARGET = 17.0;
				MTL_ENABLE_DEBUG_INFO = NO;
				MTL_FAST_MATH = YES;
				PRODUCT_NAME = "$(TARGET_NAME)";
				SDKROOT = iphoneos;
				SWIFT_COMPILATION_MODE = wholemodule;
				SWIFT_OPTIMIZATION_LEVEL = "-O";
				SWIFT_VERSION = 5.0;
			};
			name = Release;
		};
		B1725423E7F6BCF57F45B5F4 /* Debug */ = {
			isa = XCBuildConfiguration;
			buildSettings = {
				BUNDLE_LOADER = "$(TEST_HOST)";
				GENERATE_INFOPLIST_FILE = YES;
				IPHONEOS_DEPLOYMENT_TARGET = 17.0;
				LD_RUNPATH_SEARCH_PATHS = (
					"$(inherited)",
					"@executable_path/Frameworks",
					"@loader_path/Frameworks",
				);
				PRODUCT_BUNDLE_IDENTIFIER = com.shui.tests;
				SDKROOT = iphoneos;
				SWIFT_VERSION = 5.0;
				TARGETED_DEVICE_FAMILY = "1,2";
				TEST_HOST = "$(BUILT_PRODUCTS_DIR)/Shui.app/Shui";
			};
			name = Debug;
		};
		EC0D32723C42559730243581 /* Debug */ = {
			isa = XCBuildConfiguration;
			buildSettings = {
				ALWAYS_SEARCH_USER_PATHS = NO;
				CLANG_ANALYZER_NONNULL = YES;
				CLANG_ANALYZER_NUMBER_OBJECT_CONVERSION = YES_AGGRESSIVE;
				CLANG_CXX_LANGUAGE_STANDARD = "gnu++14";
				CLANG_CXX_LIBRARY = "libc++";
				CLANG_ENABLE_MODULES = YES;
				CLANG_ENABLE_OBJC_ARC = YES;
				CLANG_ENABLE_OBJC_WEAK = YES;
				CLANG_WARN_BLOCK_CAPTURE_AUTORELEASING = YES;
				CLANG_WARN_BOOL_CONVERSION = YES;
				CLANG_WARN_COMMA = YES;
				CLANG_WARN_CONSTANT_CONVERSION = YES;
				CLANG_WARN_DEPRECATED_OBJC_IMPLEMENTATIONS = YES;
				CLANG_WARN_DIRECT_OBJC_ISA_USAGE = YES_ERROR;
				CLANG_WARN_DOCUMENTATION_COMMENTS = YES;
				CLANG_WARN_EMPTY_BODY = YES;
				CLANG_WARN_ENUM_CONVERSION = YES;
				CLANG_WARN_INFINITE_RECURSION = YES;
				CLANG_WARN_INT_CONVERSION = YES;
				CLANG_WARN_NON_LITERAL_NULL_CONVERSION = YES;
				CLANG_WARN_OBJC_IMPLICIT_RETAIN_SELF = YES;
				CLANG_WARN_OBJC_LITERAL_CONVERSION = YES;
				CLANG_WARN_OBJC_ROOT_CLASS = YES_ERROR;
				CLANG_WARN_QUOTED_INCLUDE_IN_FRAMEWORK_HEADER = YES;
				CLANG_WARN_RANGE_LOOP_ANALYSIS = YES;
				CLANG_WARN_STRICT_PROTOTYPES = YES;
				CLANG_WARN_SUSPICIOUS_MOVE = YES;
				CLANG_WARN_UNGUARDED_AVAILABILITY = YES_AGGRESSIVE;
				CLANG_WARN_UNREACHABLE_CODE = YES;
				CLANG_WARN__DUPLICATE_METHOD_MATCH = YES;
				COPY_PHASE_STRIP = NO;
				DEBUG_INFORMATION_FORMAT = dwarf;
				ENABLE_STRICT_OBJC_MSGSEND = YES;
				ENABLE_TESTABILITY = YES;
				GCC_C_LANGUAGE_STANDARD = gnu11;
				GCC_DYNAMIC_NO_PIC = NO;
				GCC_NO_COMMON_BLOCKS = YES;
				GCC_OPTIMIZATION_LEVEL = 0;
				GCC_PREPROCESSOR_DEFINITIONS = (
					"$(inherited)",
					"DEBUG=1",
				);
				GCC_WARN_64_TO_32_BIT_CONVERSION = YES;
				GCC_WARN_ABOUT_RETURN_TYPE = YES_ERROR;
				GCC_WARN_UNDECLARED_SELECTOR = YES;
				GCC_WARN_UNINITIALIZED_AUTOS = YES_AGGRESSIVE;
				GCC_WARN_UNUSED_FUNCTION = YES;
				GCC_WARN_UNUSED_VARIABLE = YES;
				IPHONEOS_DEPLOYMENT_TARGET = 17.0;
				MTL_ENABLE_DEBUG_INFO = INCLUDE_SOURCE;
				MTL_FAST_MATH = YES;
				ONLY_ACTIVE_ARCH = YES;
				PRODUCT_NAME = "$(TARGET_NAME)";
				SDKROOT = iphoneos;
				SWIFT_ACTIVE_COMPILATION_CONDITIONS = DEBUG;
				SWIFT_OPTIMIZATION_LEVEL = "-Onone";
				SWIFT_VERSION = 5.0;
			};
			name = Debug;
		};
/* End XCBuildConfiguration section */

/* Begin XCConfigurationList section */
		1E7DDEF72D016DCB96E73277 /* Build configuration list for PBXNativeTarget "ShuiTests" */ = {
			isa = XCConfigurationList;
			buildConfigurations = (
				B1725423E7F6BCF57F45B5F4 /* Debug */,
				20CA135469339C7B0668F7E9 /* Release */,
			);
			defaultConfigurationIsVisible = 0;
			defaultConfigurationName = Debug;
		};
		33057930DC5783C4A6CE76F5 /* Build configuration list for PBXProject "Shui" */ = {
			isa = XCConfigurationList;
			buildConfigurations = (
				EC0D32723C42559730243581 /* Debug */,
				A32B481AB844BBA76229C509 /* Release */,
			);
			defaultConfigurationIsVisible = 0;
			defaultConfigurationName = Debug;
		};
		83A8B80432FE80871AD74824 /* Build configuration list for PBXNativeTarget "Shui" */ = {
			isa = XCConfigurationList;
			buildConfigurations = (
				7ABB1FE0916C9E1F7B39A1E2 /* Debug */,
				69D70ACA49C8564051B970C9 /* Release */,
			);
			defaultConfigurationIsVisible = 0;
			defaultConfigurationName = Debug;
		};
/* End XCConfigurationList section */

/* Begin XCRemoteSwiftPackageReference section */
		72970CDE941CF5E835E0C090 /* XCRemoteSwiftPackageReference "firebase-ios-sdk" */ = {
			isa = XCRemoteSwiftPackageReference;
			repositoryURL = "https://github.com/firebase/firebase-ios-sdk";
			requirement = {
				kind = upToNextMajorVersion;
				minimumVersion = 11.0.0;
			};
		};
/* End XCRemoteSwiftPackageReference section */

/* Begin XCSwiftPackageProductDependency section */
		5AE14DFD28D9A80E38F0BE1B /* FirebaseAuth */ = {
			isa = XCSwiftPackageProductDependency;
			package = 72970CDE941CF5E835E0C090 /* XCRemoteSwiftPackageReference "firebase-ios-sdk" */;
			productName = FirebaseAuth;
		};
		68D6E6C1E421C4BD962CD181 /* FirebaseFunctions */ = {
			isa = XCSwiftPackageProductDependency;
			package = 72970CDE941CF5E835E0C090 /* XCRemoteSwiftPackageReference "firebase-ios-sdk" */;
			productName = FirebaseFunctions;
		};
		AC65B3043BCA4B47EE6BD78B /* FirebaseFirestore */ = {
			isa = XCSwiftPackageProductDependency;
			package = 72970CDE941CF5E835E0C090 /* XCRemoteSwiftPackageReference "firebase-ios-sdk" */;
			productName = FirebaseFirestore;
		};
		CD28B16B33C6E95322D3E29E /* FirebaseAnalytics */ = {
			isa = XCSwiftPackageProductDependency;
			package = 72970CDE941CF5E835E0C090 /* XCRemoteSwiftPackageReference "firebase-ios-sdk" */;
			productName = FirebaseAnalytics;
		};
/* End XCSwiftPackageProductDependency section */
	};
	rootObject = 4C8113A6C0460E0C6FB1DA45 /* Project object */;
}
